
Microsoft Visual Studio Solution File, Format Version 12.00
# Visual Studio 15
VisualStudioVersion = 15.0.28307.705
MinimumVisualStudioVersion = 10.0.40219.1
Project("{FAE04EC0-301F-11D3-BF4B-00C04F79EFBC}") = "Dif.Net", "Dif.Net\Dif.Net.csproj", "{16733075-4B25-4CDA-B92E-33C9ED9F2D29}"
EndProject
Project("{FAE04EC0-301F-11D3-BF4B-00C04F79EFBC}") = "DifNetTests", "DifNetTests\DifNetTests.csproj", "{BA113A49-3DF7-488D-B93C-5B21A34495FF}"
EndProject
Project("{FAE04EC0-301F-11D3-BF4B-00C04F79EFBC}") = "obj2difSharp", "obj2difSharp\obj2difSharp.csproj", "{5F6DBBD4-7C4B-458A-B52C-E38093CB8D2B}"
EndProject
Global
	GlobalSection(SolutionConfigurationPlatforms) = preSolution
		Debug|Any CPU = Debug|Any CPU
		Release|Any CPU = Release|Any CPU
	EndGlobalSection
	GlobalSection(ProjectConfigurationPlatforms) = postSolution
		{16733075-4B25-4CDA-B92E-33C9ED9F2D29}.Debug|Any CPU.ActiveCfg = Debug|Any CPU
		{16733075-4B25-4CDA-B92E-33C9ED9F2D29}.Debug|Any CPU.Build.0 = Debug|Any CPU
		{16733075-4B25-4CDA-B92E-33C9ED9F2D29}.Release|Any CPU.ActiveCfg = Release|Any CPU
		{16733075-4B25-4CDA-B92E-33C9ED9F2D29}.Release|Any CPU.Build.0 = Release|Any CPU
		{BA113A49-3DF7-488D-B93C-5B21A34495FF}.Debug|Any CPU.ActiveCfg = Debug|Any CPU
		{BA113A49-3DF7-488D-B93C-5B21A34495FF}.Debug|Any CPU.Build.0 = Debug|Any CPU
		{BA113A49-3DF7-488D-B93C-5B21A34495FF}.Release|Any CPU.ActiveCfg = Release|Any CPU
		{BA113A49-3DF7-488D-B93C-5B21A34495FF}.Release|Any CPU.Build.0 = Release|Any CPU
		{5F6DBBD4-7C4B-458A-B52C-E38093CB8D2B}.Debug|Any CPU.ActiveCfg = Debug|Any CPU
		{5F6DBBD4-7C4B-458A-B52C-E38093CB8D2B}.Debug|Any CPU.Build.0 = Debug|Any CPU
		{5F6DBBD4-7C4B-458A-B52C-E38093CB8D2B}.Release|Any CPU.ActiveCfg = Release|Any CPU
		{5F6DBBD4-7C4B-458A-B52C-E38093CB8D2B}.Release|Any CPU.Build.0 = Release|Any CPU
	EndGlobalSection
	GlobalSection(SolutionProperties) = preSolution
		HideSolutionNode = FALSE
	EndGlobalSection
	GlobalSection(ExtensibilityGlobals) = postSolution
		SolutionGuid = {44360262-66B7-4C54-95B8-6327B387BD20}
	EndGlobalSection
EndGlobal
